
Microsoft Visual Studio Solution File, Format Version 12.00
# Visual Studio Version 16
VisualStudioVersion = 16.0.30804.86
MinimumVisualStudioVersion = 10.0.40219.1
Project("{FAE04EC0-301F-11D3-BF4B-00C04F79EFBC}") = "DataAccess", "DataAccess\DataAccess.csproj", "{47BA2264-9D2D-4F20-9CD6-2AB03FCA59F2}"
EndProject
Project("{FAE04EC0-301F-11D3-BF4B-00C04F79EFBC}") = "Business", "Business\Business.csproj", "{CFD4AF15-3338-4302-AB18-6E6B5338BFBA}"
EndProject
Project("{FAE04EC0-301F-11D3-BF4B-00C04F79EFBC}") = "Entities", "Entities\Entities.csproj", "{A4313A2D-9879-4A10-B736-E8F268620ABC}"
EndProject
Project("{FAE04EC0-301F-11D3-BF4B-00C04F79EFBC}") = "ConsoleUI", "ConsoleUI\ConsoleUI.csproj", "{AE5F1654-A583-4A5D-9F33-39944E7E8908}"
EndProject
Global
	GlobalSection(SolutionConfigurationPlatforms) = preSolution
		Debug|Any CPU = Debug|Any CPU
		Release|Any CPU = Release|Any CPU
	EndGlobalSection
	GlobalSection(ProjectConfigurationPlatforms) = postSolution
		{47BA2264-9D2D-4F20-9CD6-2AB03FCA59F2}.Debug|Any CPU.ActiveCfg = Debug|Any CPU
		{47BA2264-9D2D-4F20-9CD6-2AB03FCA59F2}.Debug|Any CPU.Build.0 = Debug|Any CPU
		{47BA2264-9D2D-4F20-9CD6-2AB03FCA59F2}.Release|Any CPU.ActiveCfg = Release|Any CPU
		{47BA2264-9D2D-4F20-9CD6-2AB03FCA59F2}.Release|Any CPU.Build.0 = Release|Any CPU
		{CFD4AF15-3338-4302-AB18-6E6B5338BFBA}.Debug|Any CPU.ActiveCfg = Debug|Any CPU
		{CFD4AF15-3338-4302-AB18-6E6B5338BFBA}.Debug|Any CPU.Build.0 = Debug|Any CPU
		{CFD4AF15-3338-4302-AB18-6E6B5338BFBA}.Release|Any CPU.ActiveCfg = Release|Any CPU
		{CFD4AF15-3338-4302-AB18-6E6B5338BFBA}.Release|Any CPU.Build.0 = Release|Any CPU
		{A4313A2D-9879-4A10-B736-E8F268620ABC}.Debug|Any CPU.ActiveCfg = Debug|Any CPU
		{A4313A2D-9879-4A10-B736-E8F268620ABC}.Debug|Any CPU.Build.0 = Debug|Any CPU
		{A4313A2D-9879-4A10-B736-E8F268620ABC}.Release|Any CPU.ActiveCfg = Release|Any CPU
		{A4313A2D-9879-4A10-B736-E8F268620ABC}.Release|Any CPU.Build.0 = Release|Any CPU
		{AE5F1654-A583-4A5D-9F33-39944E7E8908}.Debug|Any CPU.ActiveCfg = Debug|Any CPU
		{AE5F1654-A583-4A5D-9F33-39944E7E8908}.Debug|Any CPU.Build.0 = Debug|Any CPU
		{AE5F1654-A583-4A5D-9F33-39944E7E8908}.Release|Any CPU.ActiveCfg = Release|Any CPU
		{AE5F1654-A583-4A5D-9F33-39944E7E8908}.Release|Any CPU.Build.0 = Release|Any CPU
	EndGlobalSection
	GlobalSection(SolutionProperties) = preSolution
		HideSolutionNode = FALSE
	EndGlobalSection
	GlobalSection(ExtensibilityGlobals) = postSolution
		SolutionGuid = {C1646AA2-1302-4806-919E-0911C7F78CDB}
	EndGlobalSection
EndGlobal
